{
  "name": "graphql-collector",
  "version": "1.0.0",
  "lockfileVersion": 2,
  "requires": true,
  "packages": {
    "": {
      "name": "graphql-collector",
      "version": "1.0.0",
      "license": "MIT",
      "dependencies": {
        "graphql-fields": "^2.0.3"
      },
      "devDependencies": {
        "@types/graphql-fields": "^1.3.4"
      }
    },
    "node_modules/@types/graphql-fields": {
      "version": "1.3.4",
      "resolved": "https://registry.npmjs.org/@types/graphql-fields/-/graphql-fields-1.3.4.tgz",
      "integrity": "sha512-McLJaAaqY7lk9d9y7E61iQrj0AwcEjSb8uHlPh7KgYV+XX1MSLlSt/alhd5k2BPRE8gy/f4lnkLGb5ke3iG66Q==",
      "dev": true,
      "dependencies": {
        "graphql": "^15.3.0"
      }
    },
    "node_modules/graphql": {
      "version": "15.8.0",
      "resolved": "https://registry.npmjs.org/graphql/-/graphql-15.8.0.tgz",
      "integrity": "sha512-5gghUc24tP9HRznNpV2+FIoq3xKkj5dTQqf4v0CpdPbFVwFkWoxOM+o+2OC9ZSvjEMTjfmG9QT+gcvggTwW1zw==",
      "dev": true,
      "engines": {
        "node": ">= 10.x"
      }
    },
    "node_modules/graphql-fields": {
      "version": "2.0.3",
      "resolved": "https://registry.npmjs.org/graphql-fields/-/graphql-fields-2.0.3.tgz",
      "integrity": "sha512-x3VE5lUcR4XCOxPIqaO4CE+bTK8u6gVouOdpQX9+EKHr+scqtK5Pp/l8nIGqIpN1TUlkKE6jDCCycm/WtLRAwA=="
    }
  },
  "dependencies": {
    "@types/graphql-fields": {
      "version": "1.3.4",
      "resolved": "https://registry.npmjs.org/@types/graphql-fields/-/graphql-fields-1.3.4.tgz",
      "integrity": "sha512-McLJaAaqY7lk9d9y7E61iQrj0AwcEjSb8uHlPh7KgYV+XX1MSLlSt/alhd5k2BPRE8gy/f4lnkLGb5ke3iG66Q==",
      "dev": true,
      "requires": {
        "graphql": "^15.3.0"
      }
    },
    "graphql": {
      "version": "15.8.0",
      "resolved": "https://registry.npmjs.org/graphql/-/graphql-15.8.0.tgz",
      "integrity": "sha512-5gghUc24tP9HRznNpV2+FIoq3xKkj5dTQqf4v0CpdPbFVwFkWoxOM+o+2OC9ZSvjEMTjfmG9QT+gcvggTwW1zw==",
      "dev": true
    },
    "graphql-fields": {
      "version": "2.0.3",
      "resolved": "https://registry.npmjs.org/graphql-fields/-/graphql-fields-2.0.3.tgz",
      "integrity": "sha512-x3VE5lUcR4XCOxPIqaO4CE+bTK8u6gVouOdpQX9+EKHr+scqtK5Pp/l8nIGqIpN1TUlkKE6jDCCycm/WtLRAwA=="
    }
  }
}
